
Microsoft Visual Studio Solution File, Format Version 12.00
# Visual Studio Version 17
VisualStudioVersion = 17.5.002.0
MinimumVisualStudioVersion = 10.0.40219.1
Project("{9A19103F-16F7-4668-BE54-9A1E7A4F7556}") = "GenAI_Sample", "GenAI_Sample.csproj", "{518F3F9F-F639-4420-A75F-4C75D7B9C290}"
EndProject
Global
	GlobalSection(SolutionConfigurationPlatforms) = preSolution
		Debug|Any CPU = Debug|Any CPU
		Release|Any CPU = Release|Any CPU
	EndGlobalSection
	GlobalSection(ProjectConfigurationPlatforms) = postSolution
		{518F3F9F-F639-4420-A75F-4C75D7B9C290}.Debug|Any CPU.ActiveCfg = Debug|Any CPU
		{518F3F9F-F639-4420-A75F-4C75D7B9C290}.Debug|Any CPU.Build.0 = Debug|Any CPU
		{518F3F9F-F639-4420-A75F-4C75D7B9C290}.Release|Any CPU.ActiveCfg = Release|Any CPU
		{518F3F9F-F639-4420-A75F-4C75D7B9C290}.Release|Any CPU.Build.0 = Release|Any CPU
	EndGlobalSection
	GlobalSection(SolutionProperties) = preSolution
		HideSolutionNode = FALSE
	EndGlobalSection
	GlobalSection(ExtensibilityGlobals) = postSolution
		SolutionGuid = {A2102820-5E29-4097-A9C3-591C144B3EEB}
	EndGlobalSection
EndGlobal
